
Microsoft Visual Studio Solution File, Format Version 12.00
# Visual Studio 14
VisualStudioVersion = 14.0.24720.0
MinimumVisualStudioVersion = 10.0.40219.1
Project("{FAE04EC0-301F-11D3-BF4B-00C04F79EFBC}") = "FightEngine", "FightEngine\FightEngine.csproj", "{504815C1-3C12-4DE8-B7D0-AE3D6F4AE1CD}"
EndProject
Project("{FAE04EC0-301F-11D3-BF4B-00C04F79EFBC}") = "FightEngine.Tests", "FightEngine.Tests\FightEngine.Tests.csproj", "{20D55CDE-41BE-4331-923B-4DAD20C71101}"
EndProject
Global
	GlobalSection(SolutionConfigurationPlatforms) = preSolution
		Debug|Any CPU = Debug|Any CPU
		Release|Any CPU = Release|Any CPU
	EndGlobalSection
	GlobalSection(ProjectConfigurationPlatforms) = postSolution
		{504815C1-3C12-4DE8-B7D0-AE3D6F4AE1CD}.Debug|Any CPU.ActiveCfg = Debug|Any CPU
		{504815C1-3C12-4DE8-B7D0-AE3D6F4AE1CD}.Debug|Any CPU.Build.0 = Debug|Any CPU
		{504815C1-3C12-4DE8-B7D0-AE3D6F4AE1CD}.Release|Any CPU.ActiveCfg = Release|Any CPU
		{504815C1-3C12-4DE8-B7D0-AE3D6F4AE1CD}.Release|Any CPU.Build.0 = Release|Any CPU
		{20D55CDE-41BE-4331-923B-4DAD20C71101}.Debug|Any CPU.ActiveCfg = Debug|Any CPU
		{20D55CDE-41BE-4331-923B-4DAD20C71101}.Debug|Any CPU.Build.0 = Debug|Any CPU
		{20D55CDE-41BE-4331-923B-4DAD20C71101}.Release|Any CPU.ActiveCfg = Release|Any CPU
		{20D55CDE-41BE-4331-923B-4DAD20C71101}.Release|Any CPU.Build.0 = Release|Any CPU
	EndGlobalSection
	GlobalSection(SolutionProperties) = preSolution
		HideSolutionNode = FALSE
	EndGlobalSection
EndGlobal
